
Microsoft Visual Studio Solution File, Format Version 12.00
# Visual Studio 15
VisualStudioVersion = 15.0.28307.136
MinimumVisualStudioVersion = 10.0.40219.1
Project("{FAE04EC0-301F-11D3-BF4B-00C04F79EFBC}") = "SalesProcject", "SalesProcject\SalesProcject.csproj", "{6F87EEC9-7B61-458B-8D41-2ACA113DE723}"
EndProject
Project("{FAE04EC0-301F-11D3-BF4B-00C04F79EFBC}") = "SalesBusiness", "SalesBusiness\SalesBusiness.csproj", "{106DC1AC-5DC8-4C66-949D-428780996394}"
EndProject
Global
	GlobalSection(SolutionConfigurationPlatforms) = preSolution
		Debug|Any CPU = Debug|Any CPU
		Release|Any CPU = Release|Any CPU
	EndGlobalSection
	GlobalSection(ProjectConfigurationPlatforms) = postSolution
		{6F87EEC9-7B61-458B-8D41-2ACA113DE723}.Debug|Any CPU.ActiveCfg = Debug|Any CPU
		{6F87EEC9-7B61-458B-8D41-2ACA113DE723}.Debug|Any CPU.Build.0 = Debug|Any CPU
		{6F87EEC9-7B61-458B-8D41-2ACA113DE723}.Release|Any CPU.ActiveCfg = Release|Any CPU
		{6F87EEC9-7B61-458B-8D41-2ACA113DE723}.Release|Any CPU.Build.0 = Release|Any CPU
		{106DC1AC-5DC8-4C66-949D-428780996394}.Debug|Any CPU.ActiveCfg = Debug|Any CPU
		{106DC1AC-5DC8-4C66-949D-428780996394}.Debug|Any CPU.Build.0 = Debug|Any CPU
		{106DC1AC-5DC8-4C66-949D-428780996394}.Release|Any CPU.ActiveCfg = Release|Any CPU
		{106DC1AC-5DC8-4C66-949D-428780996394}.Release|Any CPU.Build.0 = Release|Any CPU
	EndGlobalSection
	GlobalSection(SolutionProperties) = preSolution
		HideSolutionNode = FALSE
	EndGlobalSection
	GlobalSection(ExtensibilityGlobals) = postSolution
		SolutionGuid = {E7D591C0-82F6-4183-A505-BDD5C40D3E15}
	EndGlobalSection
EndGlobal
